
Microsoft Visual Studio Solution File, Format Version 12.00
# Visual Studio Version 17
VisualStudioVersion = 17.2.32630.192
MinimumVisualStudioVersion = 10.0.40219.1
Project("{FAE04EC0-301F-11D3-BF4B-00C04F79EFBC}") = "Even and odd numbers between 1 to 35", "Even and odd numbers between 1 to 35.csproj", "{A6210210-0269-4CF5-AE4D-7879FE6F3448}"
EndProject
Global
	GlobalSection(SolutionConfigurationPlatforms) = preSolution
		Debug|Any CPU = Debug|Any CPU
		Release|Any CPU = Release|Any CPU
	EndGlobalSection
	GlobalSection(ProjectConfigurationPlatforms) = postSolution
		{A6210210-0269-4CF5-AE4D-7879FE6F3448}.Debug|Any CPU.ActiveCfg = Debug|Any CPU
		{A6210210-0269-4CF5-AE4D-7879FE6F3448}.Debug|Any CPU.Build.0 = Debug|Any CPU
		{A6210210-0269-4CF5-AE4D-7879FE6F3448}.Release|Any CPU.ActiveCfg = Release|Any CPU
		{A6210210-0269-4CF5-AE4D-7879FE6F3448}.Release|Any CPU.Build.0 = Release|Any CPU
	EndGlobalSection
	GlobalSection(SolutionProperties) = preSolution
		HideSolutionNode = FALSE
	EndGlobalSection
	GlobalSection(ExtensibilityGlobals) = postSolution
		SolutionGuid = {369002D3-78DE-4CC5-9FDD-B8C84AB61E85}
	EndGlobalSection
EndGlobal
